version = 1
revision = 3
requires-python = "==3.12.*"

[[package]]
name = "licensecc-pg-parity-tools"
version = "0.0.0"
source = { virtual = "." }
dependencies = [
    { name = "sqlglot" },
]

[package.metadata]
requires-dist = [{ name = "sqlglot", specifier = "==30.19.0" }]

[[package]]
name = "sqlglot"
version = "30.19.0"
source = { registry = "https://pypi.org/simple" }
sdist = { url = "https://files.pythonhosted.org/packages/fe/48/996687ba146c07deee6cc3528738e645d2e72805e023ed9672b483648378/sqlglot-30.19.0.tar.gz", hash = "sha256:6fcfbe93c5ee76e07faadf0930dd119eebb545c4f317f8e4f205f177305d8b08", size = 6042945, upload-time = "2026-09-22T15:19:58.64Z" }
wheels = [
    { url = "https://files.pythonhosted.org/packages/10/94/094d83ec808b50374f33a3024c9e60ca3074595e1f9581c1692591fda81e/sqlglot-30.19.0-py3-none-any.whl", hash = "sha256:b4500fcced395359feea582f09d2d4433bf1f36362a3a9d0d6d5ebbc1f84242e", size = 756203, upload-time = "2026-09-22T15:19:56.761Z" },
]
